Microsoft Visual Studio Solution File, Format Version 12.00
# Visual Studio 2012
Project("{FAE04EC0-301F-11D3-BF4B-00C04F79EFBC}") = "Pioneer", "Pioneer.csproj", "{C035C3B6-4CFF-4796-9F7E-91B706DB9762}"
EndProject
Global
	GlobalSection(SolutionConfigurationPlatforms) = preSolution
	Debug|Any CPU = Debug|Any CPU
	ExportDebug|Any CPU = ExportDebug|Any CPU
	ExportRelease|Any CPU = ExportRelease|Any CPU
	EndGlobalSection
	GlobalSection(ProjectConfigurationPlatforms) = postSolution
		{C035C3B6-4CFF-4796-9F7E-91B706DB9762}.Debug|Any CPU.ActiveCfg = Debug|Any CPU
		{C035C3B6-4CFF-4796-9F7E-91B706DB9762}.Debug|Any CPU.Build.0 = Debug|Any CPU
		{C035C3B6-4CFF-4796-9F7E-91B706DB9762}.ExportDebug|Any CPU.ActiveCfg = ExportDebug|Any CPU
		{C035C3B6-4CFF-4796-9F7E-91B706DB9762}.ExportDebug|Any CPU.Build.0 = ExportDebug|Any CPU
		{C035C3B6-4CFF-4796-9F7E-91B706DB9762}.ExportRelease|Any CPU.ActiveCfg = ExportRelease|Any CPU
		{C035C3B6-4CFF-4796-9F7E-91B706DB9762}.ExportRelease|Any CPU.Build.0 = ExportRelease|Any CPU
	EndGlobalSection
EndGlobal
